
Microsoft Visual Studio Solution File, Format Version 12.00
# Visual Studio Version 17
VisualStudioVersion = 17.4.33213.308
MinimumVisualStudioVersion = 10.0.40219.1
Project("{9A19103F-16F7-4668-BE54-9A1E7A4F7556}") = "CRUD_Blazzor_App.Server", "CRUD_Blazzor_App\Server\CRUD_Blazzor_App.Server.csproj", "{89097B2F-1179-4E96-8420-77E58F175913}"
EndProject
Project("{9A19103F-16F7-4668-BE54-9A1E7A4F7556}") = "CRUD_Blazzor_App.Client", "CRUD_Blazzor_App\Client\CRUD_Blazzor_App.Client.csproj", "{2E5E8A97-CBC7-4639-9E44-95A0C209C1CA}"
EndProject
Project("{9A19103F-16F7-4668-BE54-9A1E7A4F7556}") = "CRUD_Blazzor_App.Shared", "CRUD_Blazzor_App\Shared\CRUD_Blazzor_App.Shared.csproj", "{B4A1B2BB-6F9A-4FBD-B729-D80038233AF0}"
EndProject
Global
	GlobalSection(SolutionConfigurationPlatforms) = preSolution
		Debug|Any CPU = Debug|Any CPU
		Release|Any CPU = Release|Any CPU
	EndGlobalSection
	GlobalSection(ProjectConfigurationPlatforms) = postSolution
		{89097B2F-1179-4E96-8420-77E58F175913}.Debug|Any CPU.ActiveCfg = Debug|Any CPU
		{89097B2F-1179-4E96-8420-77E58F175913}.Debug|Any CPU.Build.0 = Debug|Any CPU
		{89097B2F-1179-4E96-8420-77E58F175913}.Release|Any CPU.ActiveCfg = Release|Any CPU
		{89097B2F-1179-4E96-8420-77E58F175913}.Release|Any CPU.Build.0 = Release|Any CPU
		{2E5E8A97-CBC7-4639-9E44-95A0C209C1CA}.Debug|Any CPU.ActiveCfg = Debug|Any CPU
		{2E5E8A97-CBC7-4639-9E44-95A0C209C1CA}.Debug|Any CPU.Build.0 = Debug|Any CPU
		{2E5E8A97-CBC7-4639-9E44-95A0C209C1CA}.Release|Any CPU.ActiveCfg = Release|Any CPU
		{2E5E8A97-CBC7-4639-9E44-95A0C209C1CA}.Release|Any CPU.Build.0 = Release|Any CPU
		{B4A1B2BB-6F9A-4FBD-B729-D80038233AF0}.Debug|Any CPU.ActiveCfg = Debug|Any CPU
		{B4A1B2BB-6F9A-4FBD-B729-D80038233AF0}.Debug|Any CPU.Build.0 = Debug|Any CPU
		{B4A1B2BB-6F9A-4FBD-B729-D80038233AF0}.Release|Any CPU.ActiveCfg = Release|Any CPU
		{B4A1B2BB-6F9A-4FBD-B729-D80038233AF0}.Release|Any CPU.Build.0 = Release|Any CPU
	EndGlobalSection
	GlobalSection(SolutionProperties) = preSolution
		HideSolutionNode = FALSE
	EndGlobalSection
	GlobalSection(ExtensibilityGlobals) = postSolution
		SolutionGuid = {0A9C410C-D3D8-488E-B289-0A9A03DE3EF4}
	EndGlobalSection
EndGlobal
